[{<<"cowboy">>,
  {git,"https://github.com/ninenines/cowboy.git",
       {ref,"81f3a21474155f68fbf494b7026b9678027d303e"}},
  0},
 {<<"cowlib">>,
  {git,"https://github.com/ninenines/cowlib",
       {ref,"cc04201c1d0e1d5603cd1cde037ab729b192634c"}},
  1},
 {<<"jsone">>,
  {git,"https://github.com/sile/jsone.git",
       {ref,"331b4a7b66cc9dc7c16ac067cf8a8297e0e669d8"}},
  1},
 {<<"klsn">>,
  {git,"https://github.com/ts-klassen/klsn.git",
       {ref,"fad276127730bbb5958a9e4a474ba3a7d4a795d5"}},
  0},
 {<<"ranch">>,
  {git,"https://github.com/ninenines/ranch",
       {ref,"a692f44567034dacf5efcaa24a24183788594eb7"}},
  1}].
